{
  "lockfileVersion": 1,
  "configVersion": 1,
  "workspaces": {
    "": {
      "name": "give-skill",
      "dependencies": {
        "@clack/prompts": "^0.11.0",
        "commander": "^14.0.2",
        "picocolors": "^1.1.1",
      },
      "devDependencies": {
        "@types/bun": "latest",
        "@typescript/native-preview": "^7.0.0-dev.20260116.1",
      },
    },
  },
  "packages": {
    "@clack/core": ["@clack/core@0.5.0", "", { "dependencies": { "picocolors": "^1.0.0", "sisteransi": "^1.0.5" } }, "sha512-p3y0FIOwaYRUPRcMO7+dlmLh8PSRcrjuTndsiA0WAFbWES0mLZlrjVoBRZ9DzkPFJZG6KGkJmoEAY0ZcVWTkow=="],

    "@clack/prompts": ["@clack/prompts@0.11.0", "", { "dependencies": { "@clack/core": "0.5.0", "picocolors": "^1.0.0", "sisteransi": "^1.0.5" } }, "sha512-pMN5FcrEw9hUkZA4f+zLlzivQSeQf5dRGJjSUbvVYDLvpKCdQx5OaknvKzgbtXOizhP+SJJJjqEbOe55uKKfAw=="],

    "@types/bun": ["@types/bun@1.3.6", "", { "dependencies": { "bun-types": "1.3.6" } }, "sha512-uWCv6FO/8LcpREhenN1d1b6fcspAB+cefwD7uti8C8VffIv0Um08TKMn98FynpTiU38+y2dUO55T11NgDt8VAA=="],

    "@types/node": ["@types/node@25.0.9", "", { "dependencies": { "undici-types": "~7.16.0" } }, "sha512-/rpCXHlCWeqClNBwUhDcusJxXYDjZTyE8v5oTO7WbL8eij2nKhUeU89/6xgjU7N4/Vh3He0BtyhJdQbDyhiXAw=="],

    "@typescript/native-preview": ["@typescript/native-preview@7.0.0-dev.20260116.1", "", { "optionalDependencies": { "@typescript/native-preview-darwin-arm64": "7.0.0-dev.20260116.1", "@typescript/native-preview-darwin-x64": "7.0.0-dev.20260116.1", "@typescript/native-preview-linux-arm": "7.0.0-dev.20260116.1", "@typescript/native-preview-linux-arm64": "7.0.0-dev.20260116.1", "@typescript/native-preview-linux-x64": "7.0.0-dev.20260116.1", "@typescript/native-preview-win32-arm64": "7.0.0-dev.20260116.1", "@typescript/native-preview-win32-x64": "7.0.0-dev.20260116.1" }, "bin": { "tsgo": "bin/tsgo.js" } }, "sha512-9N2Sa3Ap8E5+V4K+eTs5y8//dW77qFKzo+OfmYpL4f/Vb6WEoo6SDhjaSB2eNtgeiCKkNQySLO3pz3/QEpuVXg=="],

    "@typescript/native-preview-darwin-arm64": ["@typescript/native-preview-darwin-arm64@7.0.0-dev.20260116.1", "", { "os": "darwin", "cpu": "arm64" }, "sha512-+HoFBoTy6GrdqpN2sBCmvNNVqKXndVqgKPojaTpc1OfiH2YAa1p2zXsHuw2+PtXcsGDBvIX4Fce4i8urHlF6mQ=="],

    "@typescript/native-preview-darwin-x64": ["@typescript/native-preview-darwin-x64@7.0.0-dev.20260116.1", "", { "os": "darwin", "cpu": "x64" }, "sha512-cKSm37T0rrCskKKjwr/i97+k9fIQydsOfYO8oUzOFWEHKYl83vQib0JdSyelbLGEfT5Xpt6Wm12ul6MS42e+xw=="],

    "@typescript/native-preview-linux-arm": ["@typescript/native-preview-linux-arm@7.0.0-dev.20260116.1", "", { "os": "linux", "cpu": "arm" }, "sha512-fCgBsrrbURMutyBdnYXa13OVDOGtlu1AWMCqq21jQFDv2hglUR2l7BOZmqobLgWY76DGHQS7zK+hXcEcOqR7hA=="],

    "@typescript/native-preview-linux-arm64": ["@typescript/native-preview-linux-arm64@7.0.0-dev.20260116.1", "", { "os": "linux", "cpu": "arm64" }, "sha512-mF+y2V95kYJx6ELk3BaXd0lDRGq3ce8fCDxx3MRgCEuexm/SYXC9OnQfkdyEPqU366sYwYw98TFIYjf6ruhZ7Q=="],

    "@typescript/native-preview-linux-x64": ["@typescript/native-preview-linux-x64@7.0.0-dev.20260116.1", "", { "os": "linux", "cpu": "x64" }, "sha512-7lxKOVF0ph2+92ySc8HSUxKnBHkfoj7bm43QE482fb0z1YhNuUc/3R79NJGKywgmDP5IXEb1PY8piQbwoPYHwg=="],

    "@typescript/native-preview-win32-arm64": ["@typescript/native-preview-win32-arm64@7.0.0-dev.20260116.1", "", { "os": "win32", "cpu": "arm64" }, "sha512-VzS2LDsXqmC+6v+DEdjHxhadKzN5l/yMMQp3pVvq/ZM52NkUWzUtBpAU3nxB8n02L9Xr6625jEMduyZba0TVVg=="],

    "@typescript/native-preview-win32-x64": ["@typescript/native-preview-win32-x64@7.0.0-dev.20260116.1", "", { "os": "win32", "cpu": "x64" }, "sha512-OUmQLOIoknUmwaNz2iA0tkClIbbuzjHLrnFZNF4rlw1LlelNExGQlrMmx0szMRjTz9CFOh9qhYT23/3jOoOsqA=="],

    "bun-types": ["bun-types@1.3.6", "", { "dependencies": { "@types/node": "*" } }, "sha512-OlFwHcnNV99r//9v5IIOgQ9Uk37gZqrNMCcqEaExdkVq3Avwqok1bJFmvGMCkCE0FqzdY8VMOZpfpR3lwI+CsQ=="],

    "commander": ["commander@14.0.2", "", {}, "sha512-TywoWNNRbhoD0BXs1P3ZEScW8W5iKrnbithIl0YH+uCmBd0QpPOA8yc82DS3BIE5Ma6FnBVUsJ7wVUDz4dvOWQ=="],

    "picocolors": ["picocolors@1.1.1", "", {}, "sha512-xceH2snhtb5M9liqDsmEw56le376mTZkEX/jEb/RxNFyegNul7eNslCXP9FDj/Lcu0X8KEyMceP2ntpaHrDEVA=="],

    "sisteransi": ["sisteransi@1.0.5", "", {}, "sha512-bLGGlR1QxBcynn2d5YmDX4MGjlZvy2MRBDRNHLJ8VI6l6+9FUiyTFNJ0IveOSP0bcXgVDPRcfGqA0pjaqUpfVg=="],

    "undici-types": ["undici-types@7.16.0", "", {}, "sha512-Zz+aZWSj8LE6zoxD+xrjh4VfkIG8Ya6LvYkZqtUQGJPZjYl53ypCaUwWqo7eI0x66KBGeRo+mlBEkMSeSZ38Nw=="],
  }
}
